
Microsoft Visual Studio Solution File, Format Version 12.00
# Visual Studio 15
VisualStudioVersion = 15.0.28307.421
MinimumVisualStudioVersion = 10.0.40219.1
Project("{FAE04EC0-301F-11D3-BF4B-00C04F79EFBC}") = "ProgettoScuola", "Scuola\ProgettoScuola.csproj", "{4E143102-9479-4482-8F5D-69CDDF5F5418}"
EndProject
Global
	GlobalSection(SolutionConfigurationPlatforms) = preSolution
		Debug|Any CPU = Debug|Any CPU
		Release|Any CPU = Release|Any CPU
	EndGlobalSection
	GlobalSection(ProjectConfigurationPlatforms) = postSolution
		{4E143102-9479-4482-8F5D-69CDDF5F5418}.Debug|Any CPU.ActiveCfg = Debug|Any CPU
		{4E143102-9479-4482-8F5D-69CDDF5F5418}.Debug|Any CPU.Build.0 = Debug|Any CPU
		{4E143102-9479-4482-8F5D-69CDDF5F5418}.Release|Any CPU.ActiveCfg = Release|Any CPU
		{4E143102-9479-4482-8F5D-69CDDF5F5418}.Release|Any CPU.Build.0 = Release|Any CPU
	EndGlobalSection
	GlobalSection(SolutionProperties) = preSolution
		HideSolutionNode = FALSE
	EndGlobalSection
	GlobalSection(ExtensibilityGlobals) = postSolution
		SolutionGuid = {AD6DAD81-A5A1-4B03-B696-593004475E31}
	EndGlobalSection
EndGlobal
